
Microsoft Visual Studio Solution File, Format Version 11.00
# Visual Studio 2010
Project("{2150E333-8FDC-42A3-9474-1A3956D46DE8}") = "Solution Items", "Solution Items", "{412BFB2B-5CD7-431B-9C8C-EF956373C2AA}"
	ProjectSection(SolutionItems) = preProject
		config.bat = config.bat
		PerenthiaVersionInfo.cs = PerenthiaVersionInfo.cs
	EndProjectSection
EndProject
Project("{2150E333-8FDC-42A3-9474-1A3956D46DE8}") = "Client", "Client", "{ED0E74B6-B2A9-49BA-86B6-262AA4CA0B02}"
EndProject
Project("{2150E333-8FDC-42A3-9474-1A3956D46DE8}") = "Server", "Server", "{3FE0A942-BCDA-4D07-8776-9EC109CF5357}"
EndProject
Project("{2150E333-8FDC-42A3-9474-1A3956D46DE8}") = "Silverlight", "Silverlight", "{D84D6763-19A7-452D-853F-F5CE54232ACE}"
EndProject
Project("{2150E333-8FDC-42A3-9474-1A3956D46DE8}") = "Lib", "Lib", "{592AE923-D6A5-4528-B6C0-F4298C4369CC}"
EndProject
Project("{2150E333-8FDC-42A3-9474-1A3956D46DE8}") = "Lib", "Lib", "{01D5AB50-6C5B-44C1-A243-0CB5FBAFF340}"
EndProject
Project("{2150E333-8FDC-42A3-9474-1A3956D46DE8}") = "Web", "Web", "{12550F07-DC43-488E-9090-0609D098C6B5}"
EndProject
Project("{2150E333-8FDC-42A3-9474-1A3956D46DE8}") = "Engine", "Engine", "{7F6106F8-FB6C-4516-87D5-1BF2EF62E82E}"
EndProject
Project("{2150E333-8FDC-42A3-9474-1A3956D46DE8}") = "Engine", "Engine", "{AC61AF4A-4781-4661-A86F-2C54C3D12820}"
EndProject
Project("{2150E333-8FDC-42A3-9474-1A3956D46DE8}") = "Database", "Database", "{EC245A4E-E552-4AF1-9F71-19ACE5D75D1A}"
EndProject
Project("{2150E333-8FDC-42A3-9474-1A3956D46DE8}") = "Update Scripts", "Update Scripts", "{03436177-57A1-404A-B959-2F5F48E8AD63}"
	ProjectSection(SolutionItems) = preProject
		database\Update Scripts\v1-1-1 Update.sql = database\Update Scripts\v1-1-1 Update.sql
	EndProjectSection
EndProject
Project("{FAE04EC0-301F-11D3-BF4B-00C04F79EFBC}") = "Lionsguard.Logging", "Lionsguard.Logging\Lionsguard.Logging.csproj", "{19755449-881B-474A-AE88-DF8C2A5575F7}"
EndProject
Project("{FAE04EC0-301F-11D3-BF4B-00C04F79EFBC}") = "Lionsguard.Logging.Silverlight", "Lionsguard.Logging.Silverlight\Lionsguard.Logging.Silverlight.csproj", "{68E1E2F7-3282-4819-B3AA-7D446894F37F}"
EndProject
Project("{FAE04EC0-301F-11D3-BF4B-00C04F79EFBC}") = "Lionsguard.Silverlight", "Lionsguard.Silverlight\Lionsguard.Silverlight.csproj", "{BB7D13CC-D5EC-4A9C-891B-31713EB4AAB6}"
EndProject
Project("{FAE04EC0-301F-11D3-BF4B-00C04F79EFBC}") = "Perenthia", "Perenthia\Perenthia.csproj", "{DA271ECB-0EA0-46C5-B3F8-F7238DB5F5CD}"
EndProject
Project("{FAE04EC0-301F-11D3-BF4B-00C04F79EFBC}") = "Perenthia.Client", "Perenthia.Client\Perenthia.Client.csproj", "{1245456C-3E05-438D-8A28-E639FA89AF15}"
EndProject
Project("{FAE04EC0-301F-11D3-BF4B-00C04F79EFBC}") = "Perenthia.Loader", "Perenthia.Loader\Perenthia.Loader.csproj", "{33FC0EB2-1FD6-440C-841B-F91BE14222BD}"
EndProject
Project("{FAE04EC0-301F-11D3-BF4B-00C04F79EFBC}") = "Perenthia.Server", "Perenthia.Server\Perenthia.Server.csproj", "{F0DE2E8C-B528-45E8-9C34-6BEDA7B7FFE7}"
EndProject
Project("{FAE04EC0-301F-11D3-BF4B-00C04F79EFBC}") = "Radiance", "Radiance\Radiance.csproj", "{8AD9C1E8-47C9-44DA-9552-EF48A558A0EF}"
EndProject
Project("{FAE04EC0-301F-11D3-BF4B-00C04F79EFBC}") = "Radiance.Contract", "Radiance.Contract\Radiance.Contract.csproj", "{00CEB77B-F8E9-4F09-81FE-5942759A1E42}"
EndProject
Project("{FAE04EC0-301F-11D3-BF4B-00C04F79EFBC}") = "Radiance.Contract.Silverlight", "Radiance.Contract.Silverlight\Radiance.Contract.Silverlight.csproj", "{180683B3-6388-44F0-9F74-08318E15B3D1}"
EndProject
Project("{FAE04EC0-301F-11D3-BF4B-00C04F79EFBC}") = "Radiance.Silverlight", "Radiance.Silverlight\Radiance.Silverlight.csproj", "{C03D5045-02D9-49B8-B001-62FB6FEEF881}"
EndProject
Project("{FAE04EC0-301F-11D3-BF4B-00C04F79EFBC}") = "Lionsguard", "..\..\..\..\corp\src\Lionsguard\Lionsguard.csproj", "{F0DACB3D-6392-48DD-8108-6A1AB5284E59}"
EndProject
Project("{FAE04EC0-301F-11D3-BF4B-00C04F79EFBC}") = "FloatableWindow", "..\..\..\..\lib\src\FloatableWindow\FloatableWindow.csproj", "{D47E6045-91BB-4CD0-942F-FF015F10F7F2}"
EndProject
Project("{FAE04EC0-301F-11D3-BF4B-00C04F79EFBC}") = "SharpGamerSL3", "..\..\..\..\lib\src\SharpGamer\SharpGamer\SharpGamerSL3.csproj", "{BE6915CC-619C-4115-A20A-2EEF00E9CB51}"
EndProject
Project("{FAE04EC0-301F-11D3-BF4B-00C04F79EFBC}") = "Perenthia.Web.Game", "Perenthia.Web.Game\Perenthia.Web.Game.csproj", "{945C23CD-6F8A-44D7-8055-31A602580170}"
EndProject
Project("{FAE04EC0-301F-11D3-BF4B-00C04F79EFBC}") = "Microsoft.ServiceModel.PollingDuplex.Scalable", "..\..\..\..\lib\src\PollingDuplex.Scalable\Microsoft.ServiceModel.PollingDuplex.Scalable\Microsoft.ServiceModel.PollingDuplex.Scalable.csproj", "{3DF8047D-000F-45F3-8B6C-87F3812F9EEB}"
EndProject
Project("{FAE04EC0-301F-11D3-BF4B-00C04F79EFBC}") = "Perenthia.Combat", "Perenthia.Combat\Perenthia.Combat.csproj", "{319ADA41-AD97-4D43-ADD1-59775C9BDF8A}"
EndProject
Global
	GlobalSection(SolutionConfigurationPlatforms) = preSolution
		Debug|Any CPU = Debug|Any CPU
		Release|Any CPU = Release|Any CPU
		Stage|Any CPU = Stage|Any CPU
	EndGlobalSection
	GlobalSection(ProjectConfigurationPlatforms) = postSolution
		{19755449-881B-474A-AE88-DF8C2A5575F7}.Debug|Any CPU.ActiveCfg = Debug|Any CPU
		{19755449-881B-474A-AE88-DF8C2A5575F7}.Debug|Any CPU.Build.0 = Debug|Any CPU
		{19755449-881B-474A-AE88-DF8C2A5575F7}.Release|Any CPU.ActiveCfg = Release|Any CPU
		{19755449-881B-474A-AE88-DF8C2A5575F7}.Release|Any CPU.Build.0 = Release|Any CPU
		{19755449-881B-474A-AE88-DF8C2A5575F7}.Stage|Any CPU.ActiveCfg = Stage|Any CPU
		{19755449-881B-474A-AE88-DF8C2A5575F7}.Stage|Any CPU.Build.0 = Stage|Any CPU
		{68E1E2F7-3282-4819-B3AA-7D446894F37F}.Debug|Any CPU.ActiveCfg = Debug|Any CPU
		{68E1E2F7-3282-4819-B3AA-7D446894F37F}.Debug|Any CPU.Build.0 = Debug|Any CPU
		{68E1E2F7-3282-4819-B3AA-7D446894F37F}.Release|Any CPU.ActiveCfg = Release|Any CPU
		{68E1E2F7-3282-4819-B3AA-7D446894F37F}.Release|Any CPU.Build.0 = Release|Any CPU
		{68E1E2F7-3282-4819-B3AA-7D446894F37F}.Stage|Any CPU.ActiveCfg = Stage|Any CPU
		{68E1E2F7-3282-4819-B3AA-7D446894F37F}.Stage|Any CPU.Build.0 = Stage|Any CPU
		{BB7D13CC-D5EC-4A9C-891B-31713EB4AAB6}.Debug|Any CPU.ActiveCfg = Debug|Any CPU
		{BB7D13CC-D5EC-4A9C-891B-31713EB4AAB6}.Debug|Any CPU.Build.0 = Debug|Any CPU
		{BB7D13CC-D5EC-4A9C-891B-31713EB4AAB6}.Release|Any CPU.ActiveCfg = Release|Any CPU
		{BB7D13CC-D5EC-4A9C-891B-31713EB4AAB6}.Release|Any CPU.Build.0 = Release|Any CPU
		{BB7D13CC-D5EC-4A9C-891B-31713EB4AAB6}.Stage|Any CPU.ActiveCfg = Stage|Any CPU
		{BB7D13CC-D5EC-4A9C-891B-31713EB4AAB6}.Stage|Any CPU.Build.0 = Stage|Any CPU
		{DA271ECB-0EA0-46C5-B3F8-F7238DB5F5CD}.Debug|Any CPU.ActiveCfg = Debug|Any CPU
		{DA271ECB-0EA0-46C5-B3F8-F7238DB5F5CD}.Debug|Any CPU.Build.0 = Debug|Any CPU
		{DA271ECB-0EA0-46C5-B3F8-F7238DB5F5CD}.Release|Any CPU.ActiveCfg = Release|Any CPU
		{DA271ECB-0EA0-46C5-B3F8-F7238DB5F5CD}.Release|Any CPU.Build.0 = Release|Any CPU
		{DA271ECB-0EA0-46C5-B3F8-F7238DB5F5CD}.Stage|Any CPU.ActiveCfg = Stage|Any CPU
		{DA271ECB-0EA0-46C5-B3F8-F7238DB5F5CD}.Stage|Any CPU.Build.0 = Stage|Any CPU
		{1245456C-3E05-438D-8A28-E639FA89AF15}.Debug|Any CPU.ActiveCfg = Debug|Any CPU
		{1245456C-3E05-438D-8A28-E639FA89AF15}.Debug|Any CPU.Build.0 = Debug|Any CPU
		{1245456C-3E05-438D-8A28-E639FA89AF15}.Release|Any CPU.ActiveCfg = Release|Any CPU
		{1245456C-3E05-438D-8A28-E639FA89AF15}.Release|Any CPU.Build.0 = Release|Any CPU
		{1245456C-3E05-438D-8A28-E639FA89AF15}.Stage|Any CPU.ActiveCfg = Stage|Any CPU
		{1245456C-3E05-438D-8A28-E639FA89AF15}.Stage|Any CPU.Build.0 = Stage|Any CPU
		{33FC0EB2-1FD6-440C-841B-F91BE14222BD}.Debug|Any CPU.ActiveCfg = Debug|Any CPU
		{33FC0EB2-1FD6-440C-841B-F91BE14222BD}.Debug|Any CPU.Build.0 = Debug|Any CPU
		{33FC0EB2-1FD6-440C-841B-F91BE14222BD}.Release|Any CPU.ActiveCfg = Release|Any CPU
		{33FC0EB2-1FD6-440C-841B-F91BE14222BD}.Release|Any CPU.Build.0 = Release|Any CPU
		{33FC0EB2-1FD6-440C-841B-F91BE14222BD}.Stage|Any CPU.ActiveCfg = Stage|Any CPU
		{33FC0EB2-1FD6-440C-841B-F91BE14222BD}.Stage|Any CPU.Build.0 = Stage|Any CPU
		{F0DE2E8C-B528-45E8-9C34-6BEDA7B7FFE7}.Debug|Any CPU.ActiveCfg = Debug|Any CPU
		{F0DE2E8C-B528-45E8-9C34-6BEDA7B7FFE7}.Debug|Any CPU.Build.0 = Debug|Any CPU
		{F0DE2E8C-B528-45E8-9C34-6BEDA7B7FFE7}.Release|Any CPU.ActiveCfg = Release|Any CPU
		{F0DE2E8C-B528-45E8-9C34-6BEDA7B7FFE7}.Release|Any CPU.Build.0 = Release|Any CPU
		{F0DE2E8C-B528-45E8-9C34-6BEDA7B7FFE7}.Stage|Any CPU.ActiveCfg = Stage|Any CPU
		{F0DE2E8C-B528-45E8-9C34-6BEDA7B7FFE7}.Stage|Any CPU.Build.0 = Stage|Any CPU
		{8AD9C1E8-47C9-44DA-9552-EF48A558A0EF}.Debug|Any CPU.ActiveCfg = Debug|Any CPU
		{8AD9C1E8-47C9-44DA-9552-EF48A558A0EF}.Debug|Any CPU.Build.0 = Debug|Any CPU
		{8AD9C1E8-47C9-44DA-9552-EF48A558A0EF}.Release|Any CPU.ActiveCfg = Release|Any CPU
		{8AD9C1E8-47C9-44DA-9552-EF48A558A0EF}.Release|Any CPU.Build.0 = Release|Any CPU
		{8AD9C1E8-47C9-44DA-9552-EF48A558A0EF}.Stage|Any CPU.ActiveCfg = Stage|Any CPU
		{8AD9C1E8-47C9-44DA-9552-EF48A558A0EF}.Stage|Any CPU.Build.0 = Stage|Any CPU
		{00CEB77B-F8E9-4F09-81FE-5942759A1E42}.Debug|Any CPU.ActiveCfg = Debug|Any CPU
		{00CEB77B-F8E9-4F09-81FE-5942759A1E42}.Debug|Any CPU.Build.0 = Debug|Any CPU
		{00CEB77B-F8E9-4F09-81FE-5942759A1E42}.Release|Any CPU.ActiveCfg = Release|Any CPU
		{00CEB77B-F8E9-4F09-81FE-5942759A1E42}.Release|Any CPU.Build.0 = Release|Any CPU
		{00CEB77B-F8E9-4F09-81FE-5942759A1E42}.Stage|Any CPU.ActiveCfg = Stage|Any CPU
		{00CEB77B-F8E9-4F09-81FE-5942759A1E42}.Stage|Any CPU.Build.0 = Stage|Any CPU
		{180683B3-6388-44F0-9F74-08318E15B3D1}.Debug|Any CPU.ActiveCfg = Debug|Any CPU
		{180683B3-6388-44F0-9F74-08318E15B3D1}.Debug|Any CPU.Build.0 = Debug|Any CPU
		{180683B3-6388-44F0-9F74-08318E15B3D1}.Release|Any CPU.ActiveCfg = Release|Any CPU
		{180683B3-6388-44F0-9F74-08318E15B3D1}.Release|Any CPU.Build.0 = Release|Any CPU
		{180683B3-6388-44F0-9F74-08318E15B3D1}.Stage|Any CPU.ActiveCfg = Stage|Any CPU
		{180683B3-6388-44F0-9F74-08318E15B3D1}.Stage|Any CPU.Build.0 = Stage|Any CPU
		{C03D5045-02D9-49B8-B001-62FB6FEEF881}.Debug|Any CPU.ActiveCfg = Debug|Any CPU
		{C03D5045-02D9-49B8-B001-62FB6FEEF881}.Debug|Any CPU.Build.0 = Debug|Any CPU
		{C03D5045-02D9-49B8-B001-62FB6FEEF881}.Release|Any CPU.ActiveCfg = Release|Any CPU
		{C03D5045-02D9-49B8-B001-62FB6FEEF881}.Release|Any CPU.Build.0 = Release|Any CPU
		{C03D5045-02D9-49B8-B001-62FB6FEEF881}.Stage|Any CPU.ActiveCfg = Stage|Any CPU
		{C03D5045-02D9-49B8-B001-62FB6FEEF881}.Stage|Any CPU.Build.0 = Stage|Any CPU
		{F0DACB3D-6392-48DD-8108-6A1AB5284E59}.Debug|Any CPU.ActiveCfg = Debug|Any CPU
		{F0DACB3D-6392-48DD-8108-6A1AB5284E59}.Debug|Any CPU.Build.0 = Debug|Any CPU
		{F0DACB3D-6392-48DD-8108-6A1AB5284E59}.Release|Any CPU.ActiveCfg = Release|Any CPU
		{F0DACB3D-6392-48DD-8108-6A1AB5284E59}.Release|Any CPU.Build.0 = Release|Any CPU
		{F0DACB3D-6392-48DD-8108-6A1AB5284E59}.Stage|Any CPU.ActiveCfg = Stage|Any CPU
		{F0DACB3D-6392-48DD-8108-6A1AB5284E59}.Stage|Any CPU.Build.0 = Stage|Any CPU
		{D47E6045-91BB-4CD0-942F-FF015F10F7F2}.Debug|Any CPU.ActiveCfg = Debug|Any CPU
		{D47E6045-91BB-4CD0-942F-FF015F10F7F2}.Debug|Any CPU.Build.0 = Debug|Any CPU
		{D47E6045-91BB-4CD0-942F-FF015F10F7F2}.Release|Any CPU.ActiveCfg = Release|Any CPU
		{D47E6045-91BB-4CD0-942F-FF015F10F7F2}.Release|Any CPU.Build.0 = Release|Any CPU
		{D47E6045-91BB-4CD0-942F-FF015F10F7F2}.Stage|Any CPU.ActiveCfg = Stage|Any CPU
		{D47E6045-91BB-4CD0-942F-FF015F10F7F2}.Stage|Any CPU.Build.0 = Stage|Any CPU
		{BE6915CC-619C-4115-A20A-2EEF00E9CB51}.Debug|Any CPU.ActiveCfg = Debug|Any CPU
		{BE6915CC-619C-4115-A20A-2EEF00E9CB51}.Debug|Any CPU.Build.0 = Debug|Any CPU
		{BE6915CC-619C-4115-A20A-2EEF00E9CB51}.Release|Any CPU.ActiveCfg = Release|Any CPU
		{BE6915CC-619C-4115-A20A-2EEF00E9CB51}.Release|Any CPU.Build.0 = Release|Any CPU
		{BE6915CC-619C-4115-A20A-2EEF00E9CB51}.Stage|Any CPU.ActiveCfg = Stage|Any CPU
		{BE6915CC-619C-4115-A20A-2EEF00E9CB51}.Stage|Any CPU.Build.0 = Stage|Any CPU
		{945C23CD-6F8A-44D7-8055-31A602580170}.Debug|Any CPU.ActiveCfg = Debug|Any CPU
		{945C23CD-6F8A-44D7-8055-31A602580170}.Debug|Any CPU.Build.0 = Debug|Any CPU
		{945C23CD-6F8A-44D7-8055-31A602580170}.Release|Any CPU.ActiveCfg = Release|Any CPU
		{945C23CD-6F8A-44D7-8055-31A602580170}.Release|Any CPU.Build.0 = Release|Any CPU
		{945C23CD-6F8A-44D7-8055-31A602580170}.Stage|Any CPU.ActiveCfg = Stage|Any CPU
		{945C23CD-6F8A-44D7-8055-31A602580170}.Stage|Any CPU.Build.0 = Stage|Any CPU
		{3DF8047D-000F-45F3-8B6C-87F3812F9EEB}.Debug|Any CPU.ActiveCfg = Debug|Any CPU
		{3DF8047D-000F-45F3-8B6C-87F3812F9EEB}.Debug|Any CPU.Build.0 = Debug|Any CPU
		{3DF8047D-000F-45F3-8B6C-87F3812F9EEB}.Release|Any CPU.ActiveCfg = Release|Any CPU
		{3DF8047D-000F-45F3-8B6C-87F3812F9EEB}.Release|Any CPU.Build.0 = Release|Any CPU
		{3DF8047D-000F-45F3-8B6C-87F3812F9EEB}.Stage|Any CPU.ActiveCfg = Stage|Any CPU
		{3DF8047D-000F-45F3-8B6C-87F3812F9EEB}.Stage|Any CPU.Build.0 = Stage|Any CPU
		{319ADA41-AD97-4D43-ADD1-59775C9BDF8A}.Debug|Any CPU.ActiveCfg = Debug|Any CPU
		{319ADA41-AD97-4D43-ADD1-59775C9BDF8A}.Debug|Any CPU.Build.0 = Debug|Any CPU
		{319ADA41-AD97-4D43-ADD1-59775C9BDF8A}.Release|Any CPU.ActiveCfg = Release|Any CPU
		{319ADA41-AD97-4D43-ADD1-59775C9BDF8A}.Release|Any CPU.Build.0 = Release|Any CPU
		{319ADA41-AD97-4D43-ADD1-59775C9BDF8A}.Stage|Any CPU.ActiveCfg = Release|Any CPU
		{319ADA41-AD97-4D43-ADD1-59775C9BDF8A}.Stage|Any CPU.Build.0 = Release|Any CPU
	EndGlobalSection
	GlobalSection(SolutionProperties) = preSolution
		HideSolutionNode = FALSE
	EndGlobalSection
	GlobalSection(NestedProjects) = preSolution
		{D84D6763-19A7-452D-853F-F5CE54232ACE} = {ED0E74B6-B2A9-49BA-86B6-262AA4CA0B02}
		{592AE923-D6A5-4528-B6C0-F4298C4369CC} = {ED0E74B6-B2A9-49BA-86B6-262AA4CA0B02}
		{AC61AF4A-4781-4661-A86F-2C54C3D12820} = {ED0E74B6-B2A9-49BA-86B6-262AA4CA0B02}
		{01D5AB50-6C5B-44C1-A243-0CB5FBAFF340} = {3FE0A942-BCDA-4D07-8776-9EC109CF5357}
		{12550F07-DC43-488E-9090-0609D098C6B5} = {3FE0A942-BCDA-4D07-8776-9EC109CF5357}
		{7F6106F8-FB6C-4516-87D5-1BF2EF62E82E} = {3FE0A942-BCDA-4D07-8776-9EC109CF5357}
		{DA271ECB-0EA0-46C5-B3F8-F7238DB5F5CD} = {D84D6763-19A7-452D-853F-F5CE54232ACE}
		{33FC0EB2-1FD6-440C-841B-F91BE14222BD} = {D84D6763-19A7-452D-853F-F5CE54232ACE}
		{68E1E2F7-3282-4819-B3AA-7D446894F37F} = {592AE923-D6A5-4528-B6C0-F4298C4369CC}
		{BB7D13CC-D5EC-4A9C-891B-31713EB4AAB6} = {592AE923-D6A5-4528-B6C0-F4298C4369CC}
		{D47E6045-91BB-4CD0-942F-FF015F10F7F2} = {592AE923-D6A5-4528-B6C0-F4298C4369CC}
		{BE6915CC-619C-4115-A20A-2EEF00E9CB51} = {592AE923-D6A5-4528-B6C0-F4298C4369CC}
		{19755449-881B-474A-AE88-DF8C2A5575F7} = {01D5AB50-6C5B-44C1-A243-0CB5FBAFF340}
		{F0DACB3D-6392-48DD-8108-6A1AB5284E59} = {01D5AB50-6C5B-44C1-A243-0CB5FBAFF340}
		{3DF8047D-000F-45F3-8B6C-87F3812F9EEB} = {01D5AB50-6C5B-44C1-A243-0CB5FBAFF340}
		{945C23CD-6F8A-44D7-8055-31A602580170} = {12550F07-DC43-488E-9090-0609D098C6B5}
		{F0DE2E8C-B528-45E8-9C34-6BEDA7B7FFE7} = {7F6106F8-FB6C-4516-87D5-1BF2EF62E82E}
		{8AD9C1E8-47C9-44DA-9552-EF48A558A0EF} = {7F6106F8-FB6C-4516-87D5-1BF2EF62E82E}
		{00CEB77B-F8E9-4F09-81FE-5942759A1E42} = {7F6106F8-FB6C-4516-87D5-1BF2EF62E82E}
		{319ADA41-AD97-4D43-ADD1-59775C9BDF8A} = {7F6106F8-FB6C-4516-87D5-1BF2EF62E82E}
		{1245456C-3E05-438D-8A28-E639FA89AF15} = {AC61AF4A-4781-4661-A86F-2C54C3D12820}
		{180683B3-6388-44F0-9F74-08318E15B3D1} = {AC61AF4A-4781-4661-A86F-2C54C3D12820}
		{C03D5045-02D9-49B8-B001-62FB6FEEF881} = {AC61AF4A-4781-4661-A86F-2C54C3D12820}
		{03436177-57A1-404A-B959-2F5F48E8AD63} = {EC245A4E-E552-4AF1-9F71-19ACE5D75D1A}
	EndGlobalSection
EndGlobal
